
Microsoft Visual Studio Solution File, Format Version 12.00
Project("{FAE04EC0-301F-11D3-BF4B-00C04F79EFBC}") = "DbAgnostic", "DbAgnostic\DbAgnostic.csproj", "{B847D12E-4CCF-4135-9527-85D5A73FA36D}"
EndProject
Project("{FAE04EC0-301F-11D3-BF4B-00C04F79EFBC}") = "DbAgnostic.Test", "DbAgnostic.Test\DbAgnostic.Test.csproj", "{1B21CB41-878B-45B8-8F63-53720584DE02}"
EndProject
Project("{2150E333-8FDC-42A3-9474-1A3956D46DE8}") = "files", "files", "{61914A4C-E7BD-41DD-B65B-7B1F071717AD}"
	ProjectSection(SolutionItems) = preProject
		LICENSE = LICENSE
		README.md = README.md
		.github\workflows\dotnet.yml = .github\workflows\dotnet.yml
	EndProjectSection
EndProject
Global
	GlobalSection(SolutionConfigurationPlatforms) = preSolution
		Debug|Any CPU = Debug|Any CPU
		Release|Any CPU = Release|Any CPU
	EndGlobalSection
	GlobalSection(ProjectConfigurationPlatforms) = postSolution
		{B847D12E-4CCF-4135-9527-85D5A73FA36D}.Debug|Any CPU.ActiveCfg = Debug|Any CPU
		{B847D12E-4CCF-4135-9527-85D5A73FA36D}.Debug|Any CPU.Build.0 = Debug|Any CPU
		{B847D12E-4CCF-4135-9527-85D5A73FA36D}.Release|Any CPU.ActiveCfg = Release|Any CPU
		{B847D12E-4CCF-4135-9527-85D5A73FA36D}.Release|Any CPU.Build.0 = Release|Any CPU
		{1B21CB41-878B-45B8-8F63-53720584DE02}.Debug|Any CPU.ActiveCfg = Debug|Any CPU
		{1B21CB41-878B-45B8-8F63-53720584DE02}.Debug|Any CPU.Build.0 = Debug|Any CPU
		{1B21CB41-878B-45B8-8F63-53720584DE02}.Release|Any CPU.ActiveCfg = Release|Any CPU
		{1B21CB41-878B-45B8-8F63-53720584DE02}.Release|Any CPU.Build.0 = Release|Any CPU
	EndGlobalSection
EndGlobal
